
Microsoft Visual Studio Solution File, Format Version 12.00
# Visual Studio Version 16
VisualStudioVersion = 16.0.30711.63
MinimumVisualStudioVersion = 10.0.40219.1
Project("{9A19103F-16F7-4668-BE54-9A1E7A4F7556}") = "StoreApplication.WebApp", "StoreApplication.WebApp\StoreApplication.WebApp.csproj", "{B2AD25D4-0C31-4E6E-B1D7-2566F0357BBE}"
EndProject
Project("{9A19103F-16F7-4668-BE54-9A1E7A4F7556}") = "StoreApplication.DataModel", "StoreApplication.DataModel\StoreApplication.DataModel.csproj", "{ABDDB6D0-4789-46D4-926B-B1CC8BFEDB42}"
EndProject
Project("{9A19103F-16F7-4668-BE54-9A1E7A4F7556}") = "StoreApplication.ClassLibrary", "StoreApplication.ClassLibrary\StoreApplication.ClassLibrary.csproj", "{04D311F3-EDF0-4402-ADDC-F897AFF77CC9}"
EndProject
Project("{FAE04EC0-301F-11D3-BF4B-00C04F79EFBC}") = "StoreApplication.Tests", "StoreApplication.Tests\StoreApplication.Tests.csproj", "{B46034FD-D58D-48E1-AB22-413E1ED51883}"
EndProject
Global
	GlobalSection(SolutionConfigurationPlatforms) = preSolution
		Debug|Any CPU = Debug|Any CPU
		Release|Any CPU = Release|Any CPU
	EndGlobalSection
	GlobalSection(ProjectConfigurationPlatforms) = postSolution
		{B2AD25D4-0C31-4E6E-B1D7-2566F0357BBE}.Debug|Any CPU.ActiveCfg = Debug|Any CPU
		{B2AD25D4-0C31-4E6E-B1D7-2566F0357BBE}.Debug|Any CPU.Build.0 = Debug|Any CPU
		{B2AD25D4-0C31-4E6E-B1D7-2566F0357BBE}.Release|Any CPU.ActiveCfg = Release|Any CPU
		{B2AD25D4-0C31-4E6E-B1D7-2566F0357BBE}.Release|Any CPU.Build.0 = Release|Any CPU
		{ABDDB6D0-4789-46D4-926B-B1CC8BFEDB42}.Debug|Any CPU.ActiveCfg = Debug|Any CPU
		{ABDDB6D0-4789-46D4-926B-B1CC8BFEDB42}.Debug|Any CPU.Build.0 = Debug|Any CPU
		{ABDDB6D0-4789-46D4-926B-B1CC8BFEDB42}.Release|Any CPU.ActiveCfg = Release|Any CPU
		{ABDDB6D0-4789-46D4-926B-B1CC8BFEDB42}.Release|Any CPU.Build.0 = Release|Any CPU
		{04D311F3-EDF0-4402-ADDC-F897AFF77CC9}.Debug|Any CPU.ActiveCfg = Debug|Any CPU
		{04D311F3-EDF0-4402-ADDC-F897AFF77CC9}.Debug|Any CPU.Build.0 = Debug|Any CPU
		{04D311F3-EDF0-4402-ADDC-F897AFF77CC9}.Release|Any CPU.ActiveCfg = Release|Any CPU
		{04D311F3-EDF0-4402-ADDC-F897AFF77CC9}.Release|Any CPU.Build.0 = Release|Any CPU
		{B46034FD-D58D-48E1-AB22-413E1ED51883}.Debug|Any CPU.ActiveCfg = Debug|Any CPU
		{B46034FD-D58D-48E1-AB22-413E1ED51883}.Debug|Any CPU.Build.0 = Debug|Any CPU
		{B46034FD-D58D-48E1-AB22-413E1ED51883}.Release|Any CPU.ActiveCfg = Release|Any CPU
		{B46034FD-D58D-48E1-AB22-413E1ED51883}.Release|Any CPU.Build.0 = Release|Any CPU
	EndGlobalSection
	GlobalSection(SolutionProperties) = preSolution
		HideSolutionNode = FALSE
	EndGlobalSection
	GlobalSection(ExtensibilityGlobals) = postSolution
		SolutionGuid = {E1D34E67-357B-473B-86D6-56BE4A3397C5}
	EndGlobalSection
EndGlobal
